// !$*UTF8*$!
{
	archiveVersion = 1;
	classes = {
	};
	objectVersion = 56;
	objects = {

/* Begin PBXBuildFile section */
		AFB203BF2C07DD2F00EAF36C /* AppDelegate.swift in Sources */ = {isa = PBXBuildFile; fileRef = AFB203BE2C07DD2F00EAF36C /* AppDelegate.swift */; };
		AFB203C12C07DD2F00EAF36C /* SceneDelegate.swift in Sources */ = {isa = PBXBuildFile; fileRef = AFB203C02C07DD2F00EAF36C /* SceneDelegate.swift */; };
		AFB203C32C07DD2F00EAF36C /* ViewController.swift in Sources */ = {isa = PBXBuildFile; fileRef = AFB203C22C07DD2F00EAF36C /* ViewController.swift */; };
		AFB203C62C07DD2F00EAF36C /* Main.storyboard in Resources */ = {isa = PBXBuildFile; fileRef = AFB203C42C07DD2F00EAF36C /* Main.storyboard */; };
		AFB203C82C07DD3100EAF36C /* Assets.xcassets in Resources */ = {isa = PBXBuildFile; fileRef = AFB203C72C07DD3100EAF36C /* Assets.xcassets */; };
		AFB203CB2C07DD3100EAF36C /* LaunchScreen.storyboard in Resources */ = {isa = PBXBuildFile; fileRef = AFB203C92C07DD3100EAF36C /* LaunchScreen.storyboard */; };
		AFB203D62C07DD3100EAF36C /* CounterTests.swift in Sources */ = {isa = PBXBuildFile; fileRef = AFB203D52C07DD3100EAF36C /* CounterTests.swift */; };
		AFB203E02C07DD3100EAF36C /* CounterUITests.swift in Sources */ = {isa = PBXBuildFile; fileRef = AFB203DF2C07DD3100EAF36C /* CounterUITests.swift */; };
		AFB203E22C07DD3100EAF36C /* CounterUITestsLaunchTests.swift in Sources */ = {isa = PBXBuildFile; fileRef = AFB203E12C07DD3100EAF36C /* CounterUITestsLaunchTests.swift */; };
/* End PBXBuildFile section */

/* Begin PBXContainerItemProxy section */
		AFB203D22C07DD3100EAF36C /* PBXContainerItemProxy */ = {
			isa = PBXContainerItemProxy;
			containerPortal = AFB203B32C07DD2F00EAF36C /* Project object */;
			proxyType = 1;
			remoteGlobalIDString = AFB203BA2C07DD2F00EAF36C;
			remoteInfo = Counter;
		};
		AFB203DC2C07DD3100EAF36C /* PBXContainerItemProxy */ = {
			isa = PBXContainerItemProxy;
			containerPortal = AFB203B32C07DD2F00EAF36C /* Project object */;
			proxyType = 1;
			remoteGlobalIDString = AFB203BA2C07DD2F00EAF36C;
			remoteInfo = Counter;
		};
/* End PBXContainerItemProxy section */

/* Begin PBXFileReference section */
		AFB203BB2C07DD2F00EAF36C /* Counter.app */ = {isa = PBXFileReference; explicitFileType = wrapper.application; includeInIndex = 0; path = Counter.app; sourceTree = BUILT_PRODUCTS_DIR; };
		AFB203BE2C07DD2F00EAF36C /* AppDelegate.swift */ = {isa = PBXFileReference; lastKnownFileType = sourcecode.swift; path = AppDelegate.swift; sourceTree = "<group>"; };
		AFB203C02C07DD2F00EAF36C /* SceneDelegate.swift */ = {isa = PBXFileReference; lastKnownFileType = sourcecode.swift; path = SceneDelegate.swift; sourceTree = "<group>"; };
		AFB203C22C07DD2F00EAF36C /* ViewController.swift */ = {isa = PBXFileReference; lastKnownFileType = sourcecode.swift; path = ViewController.swift; sourceTree = "<group>"; };
		AFB203C52C07DD2F00EAF36C /* Base */ = {isa = PBXFileReference; lastKnownFileType = file.storyboard; name = Base; path = Base.lproj/Main.storyboard; sourceTree = "<group>"; };
		AFB203C72C07DD3100EAF36C /* Assets.xcassets */ = {isa = PBXFileReference; lastKnownFileType = folder.assetcatalog; path = Assets.xcassets; sourceTree = "<group>"; };
		AFB203CA2C07DD3100EAF36C /* Base */ = {isa = PBXFileReference; lastKnownFileType = file.storyboard; name = Base; path = Base.lproj/LaunchScreen.storyboard; sourceTree = "<group>"; };
		AFB203CC2C07DD3100EAF36C /* Info.plist */ = {isa = PBXFileReference; lastKnownFileType = text.plist.xml; path = Info.plist; sourceTree = "<group>"; };
		AFB203D12C07DD3100EAF36C /* CounterTests.xctest */ = {isa = PBXFileReference; explicitFileType = wrapper.cfbundle; includeInIndex = 0; path = CounterTests.xctest; sourceTree = BUILT_PRODUCTS_DIR; };
		AFB203D52C07DD3100EAF36C /* CounterTests.swift */ = {isa = PBXFileReference; lastKnownFileType = sourcecode.swift; path = CounterTests.swift; sourceTree = "<group>"; };
		AFB203DB2C07DD3100EAF36C /* CounterUITests.xctest */ = {isa = PBXFileReference; explicitFileType = wrapper.cfbundle; includeInIndex = 0; path = CounterUITests.xctest; sourceTree = BUILT_PRODUCTS_DIR; };
		AFB203DF2C07DD3100EAF36C /* CounterUITests.swift */ = {isa = PBXFileReference; lastKnownFileType = sourcecode.swift; path = CounterUITests.swift; sourceTree = "<group>"; };
		AFB203E12C07DD3100EAF36C /* CounterUITestsLaunchTests.swift */ = {isa = PBXFileReference; lastKnownFileType = sourcecode.swift; path = CounterUITestsLaunchTests.swift; sourceTree = "<group>"; };
/* End PBXFileReference section */

/* Begin PBXFrameworksBuildPhase section */
		AFB203B82C07DD2F00EAF36C /* Frameworks */ = {
			isa = PBXFrameworksBuildPhase;
			buildActionMask = 2147483647;
			files = (
			);
			runOnlyForDeploymentPostprocessing = 0;
		};
		AFB203CE2C07DD3100EAF36C /* Frameworks */ = {
			isa = PBXFrameworksBuildPhase;
			buildActionMask = 2147483647;
			files = (
			);
			runOnlyForDeploymentPostprocessing = 0;
		};
		AFB203D82C07DD3100EAF36C /* Frameworks */ = {
			isa = PBXFrameworksBuildPhase;
			buildActionMask = 2147483647;
			files = (
			);
			runOnlyForDeploymentPostprocessing = 0;
		};
/* End PBXFrameworksBuildPhase section */

/* Begin PBXGroup section */
		AFB203B22C07DD2F00EAF36C = {
			isa = PBXGroup;
			children = (
				AFB203BD2C07DD2F00EAF36C /* Counter */,
				AFB203D42C07DD3100EAF36C /* CounterTests */,
				AFB203DE2C07DD3100EAF36C /* CounterUITests */,
				AFB203BC2C07DD2F00EAF36C /* Products */,
			);
			sourceTree = "<group>";
		};
		AFB203BC2C07DD2F00EAF36C /* Products */ = {
			isa = PBXGroup;
			children = (
				AFB203BB2C07DD2F00EAF36C /* Counter.app */,
				AFB203D12C07DD3100EAF36C /* CounterTests.xctest */,
				AFB203DB2C07DD3100EAF36C /* CounterUITests.xctest */,
			);
			name = Products;
			sourceTree = "<group>";
		};
		AFB203BD2C07DD2F00EAF36C /* Counter */ = {
			isa = PBXGroup;
			children = (
				AFB203BE2C07DD2F00EAF36C /* AppDelegate.swift */,
				AFB203C02C07DD2F00EAF36C /* SceneDelegate.swift */,
				AFB203C22C07DD2F00EAF36C /* ViewController.swift */,
				AFB203C42C07DD2F00EAF36C /* Main.storyboard */,
				AFB203C72C07DD3100EAF36C /* Assets.xcassets */,
				AFB203C92C07DD3100EAF36C /* LaunchScreen.storyboard */,
				AFB203CC2C07DD3100EAF36C /* Info.plist */,
			);
			path = Counter;
			sourceTree = "<group>";
		};
		AFB203D42C07DD3100EAF36C /* CounterTests */ = {
			isa = PBXGroup;
			children = (
				AFB203D52C07DD3100EAF36C /* CounterTests.swift */,
			);
			path = CounterTests;
			sourceTree = "<group>";
		};
		AFB203DE2C07DD3100EAF36C /* CounterUITests */ = {
			isa = PBXGroup;
			children = (
				AFB203DF2C07DD3100EAF36C /* CounterUITests.swift */,
				AFB203E12C07DD3100EAF36C /* CounterUITestsLaunchTests.swift */,
			);
			path = CounterUITests;
			sourceTree = "<group>";
		};
/* End PBXGroup section */

/* Begin PBXNativeTarget section */
		AFB203BA2C07DD2F00EAF36C /* Counter */ = {
			isa = PBXNativeTarget;
			buildConfigurationList = AFB203E52C07DD3100EAF36C /* Build configuration list for PBXNativeTarget "Counter" */;
			buildPhases = (
				AFB203B72C07DD2F00EAF36C /* Sources */,
				AFB203B82C07DD2F00EAF36C /* Frameworks */,
				AFB203B92C07DD2F00EAF36C /* Resources */,
			);
			buildRules = (
			);
			dependencies = (
			);
			name = Counter;
			productName = Counter;
			productReference = AFB203BB2C07DD2F00EAF36C /* Counter.app */;
			productType = "com.apple.product-type.application";
		};
		AFB203D02C07DD3100EAF36C /* CounterTests */ = {
			isa = PBXNativeTarget;
			buildConfigurationList = AFB203E82C07DD3100EAF36C /* Build configuration list for PBXNativeTarget "CounterTests" */;
			buildPhases = (
				AFB203CD2C07DD3100EAF36C /* Sources */,
				AFB203CE2C07DD3100EAF36C /* Frameworks */,
				AFB203CF2C07DD3100EAF36C /* Resources */,
			);
			buildRules = (
			);
			dependencies = (
				AFB203D32C07DD3100EAF36C /* PBXTargetDependency */,
			);
			name = CounterTests;
			productName = CounterTests;
			productReference = AFB203D12C07DD3100EAF36C /* CounterTests.xctest */;
			productType = "com.apple.product-type.bundle.unit-test";
		};
		AFB203DA2C07DD3100EAF36C /* CounterUITests */ = {
			isa = PBXNativeTarget;
			buildConfigurationList = AFB203EB2C07DD3100EAF36C /* Build configuration list for PBXNativeTarget "CounterUITests" */;
			buildPhases = (
				AFB203D72C07DD3100EAF36C /* Sources */,
				AFB203D82C07DD3100EAF36C /* Frameworks */,
				AFB203D92C07DD3100EAF36C /* Resources */,
			);
			buildRules = (
			);
			dependencies = (
				AFB203DD2C07DD3100EAF36C /* PBXTargetDependency */,
			);
			name = CounterUITests;
			productName = CounterUITests;
			productReference = AFB203DB2C07DD3100EAF36C /* CounterUITests.xctest */;
			productType = "com.apple.product-type.bundle.ui-testing";
		};
/* End PBXNativeTarget section */

/* Begin PBXProject section */
		AFB203B32C07DD2F00EAF36C /* Project object */ = {
			isa = PBXProject;
			attributes = {
				BuildIndependentTargetsInParallel = 1;
				LastSwiftUpdateCheck = 1520;
				LastUpgradeCheck = 1520;
				TargetAttributes = {
					AFB203BA2C07DD2F00EAF36C = {
						CreatedOnToolsVersion = 15.2;
					};
					AFB203D02C07DD3100EAF36C = {
						CreatedOnToolsVersion = 15.2;
						TestTargetID = AFB203BA2C07DD2F00EAF36C;
					};
					AFB203DA2C07DD3100EAF36C = {
						CreatedOnToolsVersion = 15.2;
						TestTargetID = AFB203BA2C07DD2F00EAF36C;
					};
				};
			};
			buildConfigurationList = AFB203B62C07DD2F00EAF36C /* Build configuration list for PBXProject "Counter" */;
			compatibilityVersion = "Xcode 14.0";
			developmentRegion = en;
			hasScannedForEncodings = 0;
			knownRegions = (
				en,
				Base,
			);
			mainGroup = AFB203B22C07DD2F00EAF36C;
			productRefGroup = AFB203BC2C07DD2F00EAF36C /* Products */;
			projectDirPath = "";
			projectRoot = "";
			targets = (
				AFB203BA2C07DD2F00EAF36C /* Counter */,
				AFB203D02C07DD3100EAF36C /* CounterTests */,
				AFB203DA2C07DD3100EAF36C /* CounterUITests */,
			);
		};
/* End PBXProject section */

/* Begin PBXResourcesBuildPhase section */
		AFB203B92C07DD2F00EAF36C /* Resources */ = {
			isa = PBXResourcesBuildPhase;
			buildActionMask = 2147483647;
			files = (
				AFB203CB2C07DD3100EAF36C /* LaunchScreen.storyboard in Resources */,
				AFB203C82C07DD3100EAF36C /* Assets.xcassets in Resources */,
				AFB203C62C07DD2F00EAF36C /* Main.storyboard in Resources */,
			);
			runOnlyForDeploymentPostprocessing = 0;
		};
		AFB203CF2C07DD3100EAF36C /* Resources */ = {
			isa = PBXResourcesBuildPhase;
			buildActionMask = 2147483647;
			files = (
			);
			runOnlyForDeploymentPostprocessing = 0;
		};
		AFB203D92C07DD3100EAF36C /* Resources */ = {
			isa = PBXResourcesBuildPhase;
			buildActionMask = 2147483647;
			files = (
			);
			runOnlyForDeploymentPostprocessing = 0;
		};
/* End PBXResourcesBuildPhase section */

/* Begin PBXSourcesBuildPhase section */
		AFB203B72C07DD2F00EAF36C /* Sources */ = {
			isa = PBXSourcesBuildPhase;
			buildActionMask = 2147483647;
			files = (
				AFB203C32C07DD2F00EAF36C /* ViewController.swift in Sources */,
				AFB203BF2C07DD2F00EAF36C /* AppDelegate.swift in Sources */,
				AFB203C12C07DD2F00EAF36C /* SceneDelegate.swift in Sources */,
			);
			runOnlyForDeploymentPostprocessing = 0;
		};
		AFB203CD2C07DD3100EAF36C /* Sources */ = {
			isa = PBXSourcesBuildPhase;
			buildActionMask = 2147483647;
			files = (
				AFB203D62C07DD3100EAF36C /* CounterTests.swift in Sources */,
			);
			runOnlyForDeploymentPostprocessing = 0;
		};
		AFB203D72C07DD3100EAF36C /* Sources */ = {
			isa = PBXSourcesBuildPhase;
			buildActionMask = 2147483647;
			files = (
				AFB203E02C07DD3100EAF36C /* CounterUITests.swift in Sources */,
				AFB203E22C07DD3100EAF36C /* CounterUITestsLaunchTests.swift in Sources */,
			);
			runOnlyForDeploymentPostprocessing = 0;
		};
/* End PBXSourcesBuildPhase section */

/* Begin PBXTargetDependency section */
		AFB203D32C07DD3100EAF36C /* PBXTargetDependency */ = {
			isa = PBXTargetDependency;
			target = AFB203BA2C07DD2F00EAF36C /* Counter */;
			targetProxy = AFB203D22C07DD3100EAF36C /* PBXContainerItemProxy */;
		};
		AFB203DD2C07DD3100EAF36C /* PBXTargetDependency */ = {
			isa = PBXTargetDependency;
			target = AFB203BA2C07DD2F00EAF36C /* Counter */;
			targetProxy = AFB203DC2C07DD3100EAF36C /* PBXContainerItemProxy */;
		};
/* End PBXTargetDependency section */

/* Begin PBXVariantGroup section */
		AFB203C42C07DD2F00EAF36C /* Main.storyboard */ = {
			isa = PBXVariantGroup;
			children = (
				AFB203C52C07DD2F00EAF36C /* Base */,
			);
			name = Main.storyboard;
			sourceTree = "<group>";
		};
		AFB203C92C07DD3100EAF36C /* LaunchScreen.storyboard */ = {
			isa = PBXVariantGroup;
			children = (
				AFB203CA2C07DD3100EAF36C /* Base */,
			);
			name = LaunchScreen.storyboard;
			sourceTree = "<group>";
		};
/* End PBXVariantGroup section */

/* Begin XCBuildConfiguration section */
		AFB203E32C07DD3100EAF36C /* Debug */ = {
			isa = XCBuildConfiguration;
			buildSettings = {
				ALWAYS_SEARCH_USER_PATHS = NO;
				ASSETCATALOG_COMPILER_GENERATE_SWIFT_ASSET_SYMBOL_EXTENSIONS = YES;
				CLANG_ANALYZER_NONNULL = YES;
				CLANG_ANALYZER_NUMBER_OBJECT_CONVERSION = YES_AGGRESSIVE;
				CLANG_CXX_LANGUAGE_STANDARD = "gnu++20";
				CLANG_ENABLE_MODULES = YES;
				CLANG_ENABLE_OBJC_ARC = YES;
				CLANG_ENABLE_OBJC_WEAK = YES;
				CLANG_WARN_BLOCK_CAPTURE_AUTORELEASING = YES;
				CLANG_WARN_BOOL_CONVERSION = YES;
				CLANG_WARN_COMMA = YES;
				CLANG_WARN_CONSTANT_CONVERSION = YES;
				CLANG_WARN_DEPRECATED_OBJC_IMPLEMENTATIONS = YES;
				CLANG_WARN_DIRECT_OBJC_ISA_USAGE = YES_ERROR;
				CLANG_WARN_DOCUMENTATION_COMMENTS = YES;
				CLANG_WARN_EMPTY_BODY = YES;
				CLANG_WARN_ENUM_CONVERSION = YES;
				CLANG_WARN_INFINITE_RECURSION = YES;
				CLANG_WARN_INT_CONVERSION = YES;
				CLANG_WARN_NON_LITERAL_NULL_CONVERSION = YES;
				CLANG_WARN_OBJC_IMPLICIT_RETAIN_SELF = YES;
				CLANG_WARN_OBJC_LITERAL_CONVERSION = YES;
				CLANG_WARN_OBJC_ROOT_CLASS = YES_ERROR;
				CLANG_WARN_QUOTED_INCLUDE_IN_FRAMEWORK_HEADER = YES;
				CLANG_WARN_RANGE_LOOP_ANALYSIS = YES;
				CLANG_WARN_STRICT_PROTOTYPES = YES;
				CLANG_WARN_SUSPICIOUS_MOVE = YES;
				CLANG_WARN_UNGUARDED_AVAILABILITY = YES_AGGRESSIVE;
				CLANG_WARN_UNREACHABLE_CODE = YES;
				CLANG_WARN__DUPLICATE_METHOD_MATCH = YES;
				COPY_PHASE_STRIP = NO;
				DEBUG_INFORMATION_FORMAT = dwarf;
				ENABLE_STRICT_OBJC_MSGSEND = YES;
				ENABLE_TESTABILITY = YES;
				ENABLE_USER_SCRIPT_SANDBOXING = YES;
				GCC_C_LANGUAGE_STANDARD = gnu17;
				GCC_DYNAMIC_NO_PIC = NO;
				GCC_NO_COMMON_BLOCKS = YES;
				GCC_OPTIMIZATION_LEVEL = 0;
				GCC_PREPROCESSOR_DEFINITIONS = (
					"DEBUG=1",
					"$(inherited)",
				);
				GCC_WARN_64_TO_32_BIT_CONVERSION = YES;
				GCC_WARN_ABOUT_RETURN_TYPE = YES_ERROR;
				GCC_WARN_UNDECLARED_SELECTOR = YES;
				GCC_WARN_UNINITIALIZED_AUTOS = YES_AGGRESSIVE;
				GCC_WARN_UNUSED_FUNCTION = YES;
				GCC_WARN_UNUSED_VARIABLE = YES;
				IPHONEOS_DEPLOYMENT_TARGET = 17.2;
				LOCALIZATION_PREFERS_STRING_CATALOGS = YES;
				MTL_ENABLE_DEBUG_INFO = INCLUDE_SOURCE;
				MTL_FAST_MATH = YES;
				ONLY_ACTIVE_ARCH = YES;
				SDKROOT = iphoneos;
				SWIFT_ACTIVE_COMPILATION_CONDITIONS = "DEBUG $(inherited)";
				SWIFT_OPTIMIZATION_LEVEL = "-Onone";
			};
			name = Debug;
		};
		AFB203E42C07DD3100EAF36C /* Release */ = {
			isa = XCBuildConfiguration;
			buildSettings = {
				ALWAYS_SEARCH_USER_PATHS = NO;
				ASSETCATALOG_COMPILER_GENERATE_SWIFT_ASSET_SYMBOL_EXTENSIONS = YES;
				CLANG_ANALYZER_NONNULL = YES;
				CLANG_ANALYZER_NUMBER_OBJECT_CONVERSION = YES_AGGRESSIVE;
				CLANG_CXX_LANGUAGE_STANDARD = "gnu++20";
				CLANG_ENABLE_MODULES = YES;
				CLANG_ENABLE_OBJC_ARC = YES;
				CLANG_ENABLE_OBJC_WEAK = YES;
				CLANG_WARN_BLOCK_CAPTURE_AUTORELEASING = YES;
				CLANG_WARN_BOOL_CONVERSION = YES;
				CLANG_WARN_COMMA = YES;
				CLANG_WARN_CONSTANT_CONVERSION = YES;
				CLANG_WARN_DEPRECATED_OBJC_IMPLEMENTATIONS = YES;
				CLANG_WARN_DIRECT_OBJC_ISA_USAGE = YES_ERROR;
				CLANG_WARN_DOCUMENTATION_COMMENTS = YES;
				CLANG_WARN_EMPTY_BODY = YES;
				CLANG_WARN_ENUM_CONVERSION = YES;
				CLANG_WARN_INFINITE_RECURSION = YES;
				CLANG_WARN_INT_CONVERSION = YES;
				CLANG_WARN_NON_LITERAL_NULL_CONVERSION = YES;
				CLANG_WARN_OBJC_IMPLICIT_RETAIN_SELF = YES;
				CLANG_WARN_OBJC_LITERAL_CONVERSION = YES;
				CLANG_WARN_OBJC_ROOT_CLASS = YES_ERROR;
				CLANG_WARN_QUOTED_INCLUDE_IN_FRAMEWORK_HEADER = YES;
				CLANG_WARN_RANGE_LOOP_ANALYSIS = YES;
				CLANG_WARN_STRICT_PROTOTYPES = YES;
				CLANG_WARN_SUSPICIOUS_MOVE = YES;
				CLANG_WARN_UNGUARDED_AVAILABILITY = YES_AGGRESSIVE;
				CLANG_WARN_UNREACHABLE_CODE = YES;
				CLANG_WARN__DUPLICATE_METHOD_MATCH = YES;
				COPY_PHASE_STRIP = NO;
				DEBUG_INFORMATION_FORMAT = "dwarf-with-dsym";
				ENABLE_NS_ASSERTIONS = NO;
				ENABLE_STRICT_OBJC_MSGSEND = YES;
				ENABLE_USER_SCRIPT_SANDBOXING = YES;
				GCC_C_LANGUAGE_STANDARD = gnu17;
				GCC_NO_COMMON_BLOCKS = YES;
				GCC_WARN_64_TO_32_BIT_CONVERSION = YES;
				GCC_WARN_ABOUT_RETURN_TYPE = YES_ERROR;
				GCC_WARN_UNDECLARED_SELECTOR = YES;
				GCC_WARN_UNINITIALIZED_AUTOS = YES_AGGRESSIVE;
				GCC_WARN_UNUSED_FUNCTION = YES;
				GCC_WARN_UNUSED_VARIABLE = YES;
				IPHONEOS_DEPLOYMENT_TARGET = 17.2;
				LOCALIZATION_PREFERS_STRING_CATALOGS = YES;
				MTL_ENABLE_DEBUG_INFO = NO;
				MTL_FAST_MATH = YES;
				SDKROOT = iphoneos;
				SWIFT_COMPILATION_MODE = wholemodule;
				VALIDATE_PRODUCT = YES;
			};
			name = Release;
		};
		AFB203E62C07DD3100EAF36C /* Debug */ = {
			isa = XCBuildConfiguration;
			buildSettings = {
				ASSETCATALOG_COMPILER_APPICON_NAME = AppIcon;
				ASSETCATALOG_COMPILER_GLOBAL_ACCENT_COLOR_NAME = AccentColor;
				CODE_SIGN_STYLE = Automatic;
				CURRENT_PROJECT_VERSION = 1;
				DEVELOPMENT_TEAM = W4SS753QVT;
				GENERATE_INFOPLIST_FILE = YES;
				INFOPLIST_FILE = Counter/Info.plist;
				INFOPLIST_KEY_UIApplicationSupportsIndirectInputEvents = YES;
				INFOPLIST_KEY_UILaunchStoryboardName = LaunchScreen;
				INFOPLIST_KEY_UIMainStoryboardFile = Main;
				INFOPLIST_KEY_UISupportedInterfaceOrientations_iPad = "UIInterfaceOrientationPortrait UIInterfaceOrientationPortraitUpsideDown UIInterfaceOrientationLandscapeLeft UIInterfaceOrientationLandscapeRight";
				INFOPLIST_KEY_UISupportedInterfaceOrientations_iPhone = "UIInterfaceOrientationPortrait UIInterfaceOrientationLandscapeLeft UIInterfaceOrientationLandscapeRight";
				LD_RUNPATH_SEARCH_PATHS = (
					"$(inherited)",
					"@executable_path/Frameworks",
				);
				MARKETING_VERSION = 1.0;
				PRODUCT_BUNDLE_IDENTIFIER = efmvs.Counter;
				PRODUCT_NAME = "$(TARGET_NAME)";
				SWIFT_EMIT_LOC_STRINGS = YES;
				SWIFT_VERSION = 5.0;
				TARGETED_DEVICE_FAMILY = "1,2";
			};
			name = Debug;
		};
		AFB203E72C07DD3100EAF36C /* Release */ = {
			isa = XCBuildConfiguration;
			buildSettings = {
				ASSETCATALOG_COMPILER_APPICON_NAME = AppIcon;
				ASSETCATALOG_COMPILER_GLOBAL_ACCENT_COLOR_NAME = AccentColor;
				CODE_SIGN_STYLE = Automatic;
				CURRENT_PROJECT_VERSION = 1;
				DEVELOPMENT_TEAM = W4SS753QVT;
				GENERATE_INFOPLIST_FILE = YES;
				INFOPLIST_FILE = Counter/Info.plist;
				INFOPLIST_KEY_UIApplicationSupportsIndirectInputEvents = YES;
				INFOPLIST_KEY_UILaunchStoryboardName = LaunchScreen;
				INFOPLIST_KEY_UIMainStoryboardFile = Main;
				INFOPLIST_KEY_UISupportedInterfaceOrientations_iPad = "UIInterfaceOrientationPortrait UIInterfaceOrientationPortraitUpsideDown UIInterfaceOrientationLandscapeLeft UIInterfaceOrientationLandscapeRight";
				INFOPLIST_KEY_UISupportedInterfaceOrientations_iPhone = "UIInterfaceOrientationPortrait UIInterfaceOrientationLandscapeLeft UIInterfaceOrientationLandscapeRight";
				LD_RUNPATH_SEARCH_PATHS = (
					"$(inherited)",
					"@executable_path/Frameworks",
				);
				MARKETING_VERSION = 1.0;
				PRODUCT_BUNDLE_IDENTIFIER = efmvs.Counter;
				PRODUCT_NAME = "$(TARGET_NAME)";
				SWIFT_EMIT_LOC_STRINGS = YES;
				SWIFT_VERSION = 5.0;
				TARGETED_DEVICE_FAMILY = "1,2";
			};
			name = Release;
		};
		AFB203E92C07DD3100EAF36C /* Debug */ = {
			isa = XCBuildConfiguration;
			buildSettings = {
				ALWAYS_EMBED_SWIFT_STANDARD_LIBRARIES = YES;
				BUNDLE_LOADER = "$(TEST_HOST)";
				CODE_SIGN_STYLE = Automatic;
				CURRENT_PROJECT_VERSION = 1;
				DEVELOPMENT_TEAM = W4SS753QVT;
				GENERATE_INFOPLIST_FILE = YES;
				IPHONEOS_DEPLOYMENT_TARGET = 17.2;
				MARKETING_VERSION = 1.0;
				PRODUCT_BUNDLE_IDENTIFIER = efmvs.CounterTests;
				PRODUCT_NAME = "$(TARGET_NAME)";
				SWIFT_EMIT_LOC_STRINGS = NO;
				SWIFT_VERSION = 5.0;
				TARGETED_DEVICE_FAMILY = "1,2";
				TEST_HOST = "$(BUILT_PRODUCTS_DIR)/Counter.app/$(BUNDLE_EXECUTABLE_FOLDER_PATH)/Counter";
			};
			name = Debug;
		};
		AFB203EA2C07DD3100EAF36C /* Release */ = {
			isa = XCBuildConfiguration;
			buildSettings = {
				ALWAYS_EMBED_SWIFT_STANDARD_LIBRARIES = YES;
				BUNDLE_LOADER = "$(TEST_HOST)";
				CODE_SIGN_STYLE = Automatic;
				CURRENT_PROJECT_VERSION = 1;
				DEVELOPMENT_TEAM = W4SS753QVT;
				GENERATE_INFOPLIST_FILE = YES;
				IPHONEOS_DEPLOYMENT_TARGET = 17.2;
				MARKETING_VERSION = 1.0;
				PRODUCT_BUNDLE_IDENTIFIER = efmvs.CounterTests;
				PRODUCT_NAME = "$(TARGET_NAME)";
				SWIFT_EMIT_LOC_STRINGS = NO;
				SWIFT_VERSION = 5.0;
				TARGETED_DEVICE_FAMILY = "1,2";
				TEST_HOST = "$(BUILT_PRODUCTS_DIR)/Counter.app/$(BUNDLE_EXECUTABLE_FOLDER_PATH)/Counter";
			};
			name = Release;
		};
		AFB203EC2C07DD3100EAF36C /* Debug */ = {
			isa = XCBuildConfiguration;
			buildSettings = {
				ALWAYS_EMBED_SWIFT_STANDARD_LIBRARIES = YES;
				CODE_SIGN_STYLE = Automatic;
				CURRENT_PROJECT_VERSION = 1;
				DEVELOPMENT_TEAM = W4SS753QVT;
				GENERATE_INFOPLIST_FILE = YES;
				MARKETING_VERSION = 1.0;
				PRODUCT_BUNDLE_IDENTIFIER = efmvs.CounterUITests;
				PRODUCT_NAME = "$(TARGET_NAME)";
				SWIFT_EMIT_LOC_STRINGS = NO;
				SWIFT_VERSION = 5.0;
				TARGETED_DEVICE_FAMILY = "1,2";
				TEST_TARGET_NAME = Counter;
			};
			name = Debug;
		};
		AFB203ED2C07DD3100EAF36C /* Release */ = {
			isa = XCBuildConfiguration;
			buildSettings = {
				ALWAYS_EMBED_SWIFT_STANDARD_LIBRARIES = YES;
				CODE_SIGN_STYLE = Automatic;
				CURRENT_PROJECT_VERSION = 1;
				DEVELOPMENT_TEAM = W4SS753QVT;
				GENERATE_INFOPLIST_FILE = YES;
				MARKETING_VERSION = 1.0;
				PRODUCT_BUNDLE_IDENTIFIER = efmvs.CounterUITests;
				PRODUCT_NAME = "$(TARGET_NAME)";
				SWIFT_EMIT_LOC_STRINGS = NO;
				SWIFT_VERSION = 5.0;
				TARGETED_DEVICE_FAMILY = "1,2";
				TEST_TARGET_NAME = Counter;
			};
			name = Release;
		};
/* End XCBuildConfiguration section */

/* Begin XCConfigurationList section */
		AFB203B62C07DD2F00EAF36C /* Build configuration list for PBXProject "Counter" */ = {
			isa = XCConfigurationList;
			buildConfigurations = (
				AFB203E32C07DD3100EAF36C /* Debug */,
				AFB203E42C07DD3100EAF36C /* Release */,
			);
			defaultConfigurationIsVisible = 0;
			defaultConfigurationName = Release;
		};
		AFB203E52C07DD3100EAF36C /* Build configuration list for PBXNativeTarget "Counter" */ = {
			isa = XCConfigurationList;
			buildConfigurations = (
				AFB203E62C07DD3100EAF36C /* Debug */,
				AFB203E72C07DD3100EAF36C /* Release */,
			);
			defaultConfigurationIsVisible = 0;
			defaultConfigurationName = Release;
		};
		AFB203E82C07DD3100EAF36C /* Build configuration list for PBXNativeTarget "CounterTests" */ = {
			isa = XCConfigurationList;
			buildConfigurations = (
				AFB203E92C07DD3100EAF36C /* Debug */,
				AFB203EA2C07DD3100EAF36C /* Release */,
			);
			defaultConfigurationIsVisible = 0;
			defaultConfigurationName = Release;
		};
		AFB203EB2C07DD3100EAF36C /* Build configuration list for PBXNativeTarget "CounterUITests" */ = {
			isa = XCConfigurationList;
			buildConfigurations = (
				AFB203EC2C07DD3100EAF36C /* Debug */,
				AFB203ED2C07DD3100EAF36C /* Release */,
			);
			defaultConfigurationIsVisible = 0;
			defaultConfigurationName = Release;
		};
/* End XCConfigurationList section */
	};
	rootObject = AFB203B32C07DD2F00EAF36C /* Project object */;
}
